
Microsoft Visual Studio Solution File, Format Version 12.00
# Visual Studio Version 17
VisualStudioVersion = 17.11.35303.130
MinimumVisualStudioVersion = 10.0.40219.1
Project("{FAE04EC0-301F-11D3-BF4B-00C04F79EFBC}") = "GP", "GP\GP.csproj", "{76852E53-CBF5-44B8-9F57-F8B17576E113}"
EndProject
Global
	GlobalSection(SolutionConfigurationPlatforms) = preSolution
		Debug|Any CPU = Debug|Any CPU
		Release|Any CPU = Release|Any CPU
	EndGlobalSection
	GlobalSection(ProjectConfigurationPlatforms) = postSolution
		{76852E53-CBF5-44B8-9F57-F8B17576E113}.Debug|Any CPU.ActiveCfg = Debug|Any CPU
		{76852E53-CBF5-44B8-9F57-F8B17576E113}.Debug|Any CPU.Build.0 = Debug|Any CPU
		{76852E53-CBF5-44B8-9F57-F8B17576E113}.Release|Any CPU.ActiveCfg = Release|Any CPU
		{76852E53-CBF5-44B8-9F57-F8B17576E113}.Release|Any CPU.Build.0 = Release|Any CPU
	EndGlobalSection
	GlobalSection(SolutionProperties) = preSolution
		HideSolutionNode = FALSE
	EndGlobalSection
	GlobalSection(ExtensibilityGlobals) = postSolution
		SolutionGuid = {FB35C38E-BB3E-4F3D-888F-090D7EC04E9F}
	EndGlobalSection
EndGlobal
